
Microsoft Visual Studio Solution File, Format Version 12.00
# Visual Studio Version 16
VisualStudioVersion = 16.0.30002.166
MinimumVisualStudioVersion = 10.0.40219.1
Project("{FAE04EC0-301F-11D3-BF4B-00C04F79EFBC}") = "ConsoleApp1", "ConsoleApp1\ConsoleApp1.csproj", "{2B06710F-76CB-46D0-88FB-DF5DB0DBD34C}"
EndProject
Global
	GlobalSection(SolutionConfigurationPlatforms) = preSolution
		Debug|Any CPU = Debug|Any CPU
		Release|Any CPU = Release|Any CPU
	EndGlobalSection
	GlobalSection(ProjectConfigurationPlatforms) = postSolution
		{2B06710F-76CB-46D0-88FB-DF5DB0DBD34C}.Debug|Any CPU.ActiveCfg = Debug|Any CPU
		{2B06710F-76CB-46D0-88FB-DF5DB0DBD34C}.Debug|Any CPU.Build.0 = Debug|Any CPU
		{2B06710F-76CB-46D0-88FB-DF5DB0DBD34C}.Release|Any CPU.ActiveCfg = Release|Any CPU
		{2B06710F-76CB-46D0-88FB-DF5DB0DBD34C}.Release|Any CPU.Build.0 = Release|Any CPU
	EndGlobalSection
	GlobalSection(SolutionProperties) = preSolution
		HideSolutionNode = FALSE
	EndGlobalSection
	GlobalSection(ExtensibilityGlobals) = postSolution
		SolutionGuid = {130B94B0-6189-40AA-AB57-92E6BA447F95}
	EndGlobalSection
EndGlobal
