
Microsoft Visual Studio Solution File, Format Version 12.00
# Visual Studio Version 16
VisualStudioVersion = 16.0.30320.27
MinimumVisualStudioVersion = 10.0.40219.1
Project("{FAE04EC0-301F-11D3-BF4B-00C04F79EFBC}") = "ConsoleApp1", "ConsoleApp1\ConsoleApp1.csproj", "{23B20F3A-5459-4649-8691-4651E32EDB53}"
EndProject
Global
	GlobalSection(SolutionConfigurationPlatforms) = preSolution
		Debug|Any CPU = Debug|Any CPU
		Release|Any CPU = Release|Any CPU
	EndGlobalSection
	GlobalSection(ProjectConfigurationPlatforms) = postSolution
		{23B20F3A-5459-4649-8691-4651E32EDB53}.Debug|Any CPU.ActiveCfg = Debug|Any CPU
		{23B20F3A-5459-4649-8691-4651E32EDB53}.Debug|Any CPU.Build.0 = Debug|Any CPU
		{23B20F3A-5459-4649-8691-4651E32EDB53}.Release|Any CPU.ActiveCfg = Release|Any CPU
		{23B20F3A-5459-4649-8691-4651E32EDB53}.Release|Any CPU.Build.0 = Release|Any CPU
	EndGlobalSection
	GlobalSection(SolutionProperties) = preSolution
		HideSolutionNode = FALSE
	EndGlobalSection
	GlobalSection(ExtensibilityGlobals) = postSolution
		SolutionGuid = {682DA4D8-A0B8-4B70-9BFB-ACAE9F1B3E06}
	EndGlobalSection
EndGlobal
