
Microsoft Visual Studio Solution File, Format Version 12.00
# Visual Studio Version 16
VisualStudioVersion = 16.0.30002.166
MinimumVisualStudioVersion = 10.0.40219.1
Project("{FAE04EC0-301F-11D3-BF4B-00C04F79EFBC}") = "Polymorphism.1", "Polymorphism.1\Polymorphism.1.csproj", "{0767AE14-A2C4-44B8-828A-EDBA98563E48}"
EndProject
Global
	GlobalSection(SolutionConfigurationPlatforms) = preSolution
		Debug|Any CPU = Debug|Any CPU
		Release|Any CPU = Release|Any CPU
	EndGlobalSection
	GlobalSection(ProjectConfigurationPlatforms) = postSolution
		{0767AE14-A2C4-44B8-828A-EDBA98563E48}.Debug|Any CPU.ActiveCfg = Debug|Any CPU
		{0767AE14-A2C4-44B8-828A-EDBA98563E48}.Debug|Any CPU.Build.0 = Debug|Any CPU
		{0767AE14-A2C4-44B8-828A-EDBA98563E48}.Release|Any CPU.ActiveCfg = Release|Any CPU
		{0767AE14-A2C4-44B8-828A-EDBA98563E48}.Release|Any CPU.Build.0 = Release|Any CPU
	EndGlobalSection
	GlobalSection(SolutionProperties) = preSolution
		HideSolutionNode = FALSE
	EndGlobalSection
	GlobalSection(ExtensibilityGlobals) = postSolution
		SolutionGuid = {1397C5C6-CFD7-4E60-BD70-5DBC429AC5BD}
	EndGlobalSection
EndGlobal
